
Microsoft Visual Studio Solution File, Format Version 12.00
# Visual Studio 15
VisualStudioVersion = 15.0.27130.2024
MinimumVisualStudioVersion = 10.0.40219.1
Project("{FAE04EC0-301F-11D3-BF4B-00C04F79EFBC}") = "Personal Website", "Personal Website\Personal Website.csproj", "{952DE779-BFCF-435E-8F95-0A9787888477}"
EndProject
Global
	GlobalSection(SolutionConfigurationPlatforms) = preSolution
		Debug|Any CPU = Debug|Any CPU
		Release|Any CPU = Release|Any CPU
	EndGlobalSection
	GlobalSection(ProjectConfigurationPlatforms) = postSolution
		{952DE779-BFCF-435E-8F95-0A9787888477}.Debug|Any CPU.ActiveCfg = Debug|Any CPU
		{952DE779-BFCF-435E-8F95-0A9787888477}.Debug|Any CPU.Build.0 = Debug|Any CPU
		{952DE779-BFCF-435E-8F95-0A9787888477}.Release|Any CPU.ActiveCfg = Release|Any CPU
		{952DE779-BFCF-435E-8F95-0A9787888477}.Release|Any CPU.Build.0 = Release|Any CPU
	EndGlobalSection
	GlobalSection(SolutionProperties) = preSolution
		HideSolutionNode = FALSE
	EndGlobalSection
	GlobalSection(ExtensibilityGlobals) = postSolution
		SolutionGuid = {16D0B9AE-897B-4F77-AF0C-5D77964F2290}
	EndGlobalSection
EndGlobal
